{
  "lockfile-version": 1,
  "manifest": {
    "version": 1,
    "install": {
      "python3": {
        "pkg-path": "python3"
      }
    },
    "hook": {
      "on-activate": "  # Autogenerated by Flox\n\n  # Setup a Python virtual environment\n\n  export PYTHON_DIR=\"$FLOX_ENV_CACHE/python\"\n  if [ ! -d \"$PYTHON_DIR\" ]; then\n    echo \"Creating python virtual environment in $PYTHON_DIR\"\n    python -m venv \"$PYTHON_DIR\"\n  fi\n\n  # Quietly activate venv and install packages in a subshell so\n  # that the venv can be freshly activated in the profile section.\n  (\n    source \"$PYTHON_DIR/bin/activate\"\n    pip install -r \"$FLOX_ENV_PROJECT/requirements.txt\" --quiet\n  )\n\n  # End autogenerated by Flox\n"
    },
    "profile": {
      "bash": "  # Autogenerated by Flox\n\n  echo \"Activating python virtual environment\" >&2\n  source \"$PYTHON_DIR/bin/activate\"\n\n  # End autogenerated by Flox\n",
      "zsh": "  # Autogenerated by Flox\n\n  echo \"Activating python virtual environment\" >&2\n  source \"$PYTHON_DIR/bin/activate\"\n\n  # End autogenerated by Flox\n",
      "fish": "  # Autogenerated by Flox\n\n  echo \"Activating python virtual environment\" >&2\n  source \"$PYTHON_DIR/bin/activate.fish\"\n\n  # End autogenerated by Flox\n",
      "tcsh": "  # Autogenerated by Flox\n\n  echo \"Activating python virtual environment\" >&2\n  source \"$PYTHON_DIR/bin/activate.csh\"\n\n  # End autogenerated by Flox\n"
    },
    "options": {
      "systems": [
        "aarch64-darwin",
        "aarch64-linux",
        "x86_64-darwin",
        "x86_64-linux"
      ],
      "allow": {
        "licenses": []
      },
      "semver": {}
    }
  },
  "packages": [
    {
      "attr_path": "python3",
      "broken": false,
      "derivation": "/nix/store/f9hl5kjzr19apnwr86r91sg8l1vhp9df-python3-3.12.7.drv",
      "description": "High-level dynamically-typed programming language",
      "install_id": "python3",
      "license": "Python-2.0",
      "locked_url": "https://github.com/flox/nixpkgs?rev=5d67ea6b4b63378b9c13be21e2ec9d1afc921713",
      "name": "python3-3.12.7",
      "pname": "python3",
      "rev": "5d67ea6b4b63378b9c13be21e2ec9d1afc921713",
      "rev_count": 720697,
      "rev_date": "2024-12-11T18:06:44Z",
      "scrape_date": "2024-12-14T03:50:50Z",
      "stabilities": [
        "unstable"
      ],
      "unfree": false,
      "version": "3.12.7",
      "outputs_to_install": [
        "out"
      ],
      "outputs": {
        "out": "/nix/store/7c494qcmh62av43zsxr3wvzh8hcpy1vl-python3-3.12.7"
      },
      "system": "aarch64-darwin",
      "group": "toplevel",
      "priority": 5
    },
    {
      "attr_path": "python3",
      "broken": false,
      "derivation": "/nix/store/zmj2nziiz98ndjap1hbhnvc8bwd4rakd-python3-3.12.7.drv",
      "description": "High-level dynamically-typed programming language",
      "install_id": "python3",
      "license": "Python-2.0",
      "locked_url": "https://github.com/flox/nixpkgs?rev=5d67ea6b4b63378b9c13be21e2ec9d1afc921713",
      "name": "python3-3.12.7",
      "pname": "python3",
      "rev": "5d67ea6b4b63378b9c13be21e2ec9d1afc921713",
      "rev_count": 720697,
      "rev_date": "2024-12-11T18:06:44Z",
      "scrape_date": "2024-12-14T03:50:50Z",
      "stabilities": [
        "unstable"
      ],
      "unfree": false,
      "version": "3.12.7",
      "outputs_to_install": [
        "out"
      ],
      "outputs": {
        "debug": "/nix/store/s5biairx04d930rlh4szdbqsrai3w8gm-python3-3.12.7-debug",
        "out": "/nix/store/c1fbv3y657fp2m514gjxqqgqfsvayp6v-python3-3.12.7"
      },
      "system": "aarch64-linux",
      "group": "toplevel",
      "priority": 5
    },
    {
      "attr_path": "python3",
      "broken": false,
      "derivation": "/nix/store/bvr6nhyqhbzy2w869f0xlsvj0y5qw55v-python3-3.12.7.drv",
      "description": "High-level dynamically-typed programming language",
      "install_id": "python3",
      "license": "Python-2.0",
      "locked_url": "https://github.com/flox/nixpkgs?rev=5d67ea6b4b63378b9c13be21e2ec9d1afc921713",
      "name": "python3-3.12.7",
      "pname": "python3",
      "rev": "5d67ea6b4b63378b9c13be21e2ec9d1afc921713",
      "rev_count": 720697,
      "rev_date": "2024-12-11T18:06:44Z",
      "scrape_date": "2024-12-14T03:50:50Z",
      "stabilities": [
        "unstable"
      ],
      "unfree": false,
      "version": "3.12.7",
      "outputs_to_install": [
        "out"
      ],
      "outputs": {
        "out": "/nix/store/c0zcl6sav8305n3pb1crk2ysrlfk9ppk-python3-3.12.7"
      },
      "system": "x86_64-darwin",
      "group": "toplevel",
      "priority": 5
    },
    {
      "attr_path": "python3",
      "broken": false,
      "derivation": "/nix/store/yjlx78f4khvqxa9d3j906qk8vdh6bd3r-python3-3.12.7.drv",
      "description": "High-level dynamically-typed programming language",
      "install_id": "python3",
      "license": "Python-2.0",
      "locked_url": "https://github.com/flox/nixpkgs?rev=5d67ea6b4b63378b9c13be21e2ec9d1afc921713",
      "name": "python3-3.12.7",
      "pname": "python3",
      "rev": "5d67ea6b4b63378b9c13be21e2ec9d1afc921713",
      "rev_count": 720697,
      "rev_date": "2024-12-11T18:06:44Z",
      "scrape_date": "2024-12-14T03:50:50Z",
      "stabilities": [
        "unstable"
      ],
      "unfree": false,
      "version": "3.12.7",
      "outputs_to_install": [
        "out"
      ],
      "outputs": {
        "debug": "/nix/store/66ln8wcdigr854aacj657zfjilwn4lrv-python3-3.12.7-debug",
        "out": "/nix/store/zv1kaq7f1q20x62kbjv6pfjygw5jmwl6-python3-3.12.7"
      },
      "system": "x86_64-linux",
      "group": "toplevel",
      "priority": 5
    }
  ]
}