Microsoft Visual Studio Solution File, Format Version 12.00
# Visual Studio Version 17
VisualStudioVersion = 17.5.2.0
MinimumVisualStudioVersion = 10.0.40219.1
Project("{FAE04EC0-301F-11D3-BF4B-00C04F79EFBC}") = "CosmosUploader", "CosmosUploader.csproj", "{40C334BC-2FE0-2BE3-29F6-1EB2A3957852}"
EndProject
Global
	GlobalSection(SolutionConfigurationPlatforms) = preSolution
		Debug|Any CPU = Debug|Any CPU
		Release|Any CPU = Release|Any CPU
	EndGlobalSection
	GlobalSection(ProjectConfigurationPlatforms) = postSolution
		{40C334BC-2FE0-2BE3-29F6-1EB2A3957852}.Debug|Any CPU.ActiveCfg = Debug|Any CPU
		{40C334BC-2FE0-2BE3-29F6-1EB2A3957852}.Debug|Any CPU.Build.0 = Debug|Any CPU
		{40C334BC-2FE0-2BE3-29F6-1EB2A3957852}.Release|Any CPU.ActiveCfg = Release|Any CPU
		{40C334BC-2FE0-2BE3-29F6-1EB2A3957852}.Release|Any CPU.Build.0 = Release|Any CPU
	EndGlobalSection
	GlobalSection(SolutionProperties) = preSolution
		HideSolutionNode = FALSE
	EndGlobalSection
	GlobalSection(ExtensibilityGlobals) = postSolution
		SolutionGuid = {A048F858-99C5-41F6-B730-25620A91A250}
	EndGlobalSection
EndGlobal
