# This file is automatically @generated by Poetry 1.4.2 and should not be changed by hand.

[[package]]
name = "appnope"
version = "0.1.3"
description = "Disable App Nap on macOS >= 10.9"
category = "main"
optional = false
python-versions = "*"
files = [
    {file = "appnope-0.1.3-py2.py3-none-any.whl", hash = "sha256:265a455292d0bd8a72453494fa24df5a11eb18373a60c7c0430889f22548605e"},
    {file = "appnope-0.1.3.tar.gz", hash = "sha256:02bd91c4de869fbb1e1c50aafc4098827a7a54ab2f39d9dcba6c9547ed920e24"},
]

[[package]]
name = "asttokens"
version = "2.4.1"
description = "Annotate AST trees with source code positions"
category = "main"
optional = false
python-versions = "*"
files = [
    {file = "asttokens-2.4.1-py2.py3-none-any.whl", hash = "sha256:051ed49c3dcae8913ea7cd08e46a606dba30b79993209636c4875bc1d637bc24"},
    {file = "asttokens-2.4.1.tar.gz", hash = "sha256:b03869718ba9a6eb027e134bfdf69f38a236d681c83c160d510768af11254ba0"},
]

[package.dependencies]
six = ">=1.12.0"

[package.extras]
astroid = ["astroid (>=1,<2)", "astroid (>=2,<4)"]
test = ["astroid (>=1,<2)", "astroid (>=2,<4)", "pytest"]

[[package]]
name = "backcall"
version = "0.2.0"
description = "Specifications for callback functions passed in to an API"
category = "main"
optional = false
python-versions = "*"
files = [
    {file = "backcall-0.2.0-py2.py3-none-any.whl", hash = "sha256:fbbce6a29f263178a1f7915c1940bde0ec2b2a967566fe1c65c1dfb7422bd255"},
    {file = "backcall-0.2.0.tar.gz", hash = "sha256:5cbdbf27be5e7cfadb448baf0aa95508f91f2bbc6c6437cd9cd06e2a4c215e1e"},
]

[[package]]
name = "colorama"
version = "0.4.6"
description = "Cross-platform colored terminal text."
category = "main"
optional = false
python-versions = "!=3.0.*,!=3.1.*,!=3.2.*,!=3.3.*,!=3.4.*,!=3.5.*,!=3.6.*,>=2.7"
files = [
    {file = "colorama-0.4.6-py2.py3-none-any.whl", hash = "sha256:4f1d9991f5acc0ca119f9d443620b77f9d6b33703e51011c16baf57afb285fc6"},
    {file = "colorama-0.4.6.tar.gz", hash = "sha256:08695f5cb7ed6e0531a20572697297273c47b8cae5a63ffc6d6ed5c201be6e44"},
]

[[package]]
name = "decorator"
version = "5.1.1"
description = "Decorators for Humans"
category = "main"
optional = false
python-versions = ">=3.5"
files = [
    {file = "decorator-5.1.1-py3-none-any.whl", hash = "sha256:b8c3f85900b9dc423225913c5aace94729fe1fa9763b38939a95226f02d37186"},
    {file = "decorator-5.1.1.tar.gz", hash = "sha256:637996211036b6385ef91435e4fae22989472f9d571faba8927ba8253acbc330"},
]

[[package]]
name = "exceptiongroup"
version = "1.1.3"
description = "Backport of PEP 654 (exception groups)"
category = "main"
optional = false
python-versions = ">=3.7"
files = [
    {file = "exceptiongroup-1.1.3-py3-none-any.whl", hash = "sha256:343280667a4585d195ca1cf9cef84a4e178c4b6cf2274caef9859782b567d5e3"},
    {file = "exceptiongroup-1.1.3.tar.gz", hash = "sha256:097acd85d473d75af5bb98e41b61ff7fe35efe6675e4f9370ec6ec5126d160e9"},
]

[package.extras]
test = ["pytest (>=6)"]

[[package]]
name = "executing"
version = "2.0.1"
description = "Get the currently executing AST node of a frame, and other information"
category = "main"
optional = false
python-versions = ">=3.5"
files = [
    {file = "executing-2.0.1-py2.py3-none-any.whl", hash = "sha256:eac49ca94516ccc753f9fb5ce82603156e590b27525a8bc32cce8ae302eb61bc"},
    {file = "executing-2.0.1.tar.gz", hash = "sha256:35afe2ce3affba8ee97f2d69927fa823b08b472b7b994e36a52a964b93d16147"},
]

[package.extras]
tests = ["asttokens (>=2.1.0)", "coverage", "coverage-enable-subprocess", "ipython", "littleutils", "pytest", "rich"]

[[package]]
name = "faker"
version = "19.12.0"
description = "Faker is a Python package that generates fake data for you."
category = "main"
optional = false
python-versions = ">=3.8"
files = [
    {file = "Faker-19.12.0-py3-none-any.whl", hash = "sha256:5990380a8ee81cf189d6b85d5fdc1fb43772cb136aca0385a08ff24ef01b9fdf"},
    {file = "Faker-19.12.0.tar.gz", hash = "sha256:91438f6b1713274ec3f24970ba303617be86ce5caf6f6a0776f1d04777b6ff5f"},
]

[package.dependencies]
python-dateutil = ">=2.4"

[[package]]
name = "ipython"
version = "8.16.1"
description = "IPython: Productive Interactive Computing"
category = "main"
optional = false
python-versions = ">=3.9"
files = [
    {file = "ipython-8.16.1-py3-none-any.whl", hash = "sha256:0852469d4d579d9cd613c220af7bf0c9cc251813e12be647cb9d463939db9b1e"},
    {file = "ipython-8.16.1.tar.gz", hash = "sha256:ad52f58fca8f9f848e256c629eff888efc0528c12fe0f8ec14f33205f23ef938"},
]

[package.dependencies]
appnope = {version = "*", markers = "sys_platform == \"darwin\""}
backcall = "*"
colorama = {version = "*", markers = "sys_platform == \"win32\""}
decorator = "*"
exceptiongroup = {version = "*", markers = "python_version < \"3.11\""}
jedi = ">=0.16"
matplotlib-inline = "*"
pexpect = {version = ">4.3", markers = "sys_platform != \"win32\""}
pickleshare = "*"
prompt-toolkit = ">=3.0.30,<3.0.37 || >3.0.37,<3.1.0"
pygments = ">=2.4.0"
stack-data = "*"
traitlets = ">=5"

[package.extras]
all = ["black", "curio", "docrepr", "exceptiongroup", "ipykernel", "ipyparallel", "ipywidgets", "matplotlib", "matplotlib (!=3.2.0)", "nbconvert", "nbformat", "notebook", "numpy (>=1.21)", "pandas", "pytest (<7)", "pytest (<7.1)", "pytest-asyncio", "qtconsole", "setuptools (>=18.5)", "sphinx (>=1.3)", "sphinx-rtd-theme", "stack-data", "testpath", "trio", "typing-extensions"]
black = ["black"]
doc = ["docrepr", "exceptiongroup", "ipykernel", "matplotlib", "pytest (<7)", "pytest (<7.1)", "pytest-asyncio", "setuptools (>=18.5)", "sphinx (>=1.3)", "sphinx-rtd-theme", "stack-data", "testpath", "typing-extensions"]
kernel = ["ipykernel"]
nbconvert = ["nbconvert"]
nbformat = ["nbformat"]
notebook = ["ipywidgets", "notebook"]
parallel = ["ipyparallel"]
qtconsole = ["qtconsole"]
test = ["pytest (<7.1)", "pytest-asyncio", "testpath"]
test-extra = ["curio", "matplotlib (!=3.2.0)", "nbformat", "numpy (>=1.21)", "pandas", "pytest (<7.1)", "pytest-asyncio", "testpath", "trio"]

[[package]]
name = "jedi"
version = "0.19.1"
description = "An autocompletion tool for Python that can be used for text editors."
category = "main"
optional = false
python-versions = ">=3.6"
files = [
    {file = "jedi-0.19.1-py2.py3-none-any.whl", hash = "sha256:e983c654fe5c02867aef4cdfce5a2fbb4a50adc0af145f70504238f18ef5e7e0"},
    {file = "jedi-0.19.1.tar.gz", hash = "sha256:cf0496f3651bc65d7174ac1b7d043eff454892c708a87d1b683e57b569927ffd"},
]

[package.dependencies]
parso = ">=0.8.3,<0.9.0"

[package.extras]
docs = ["Jinja2 (==2.11.3)", "MarkupSafe (==1.1.1)", "Pygments (==2.8.1)", "alabaster (==0.7.12)", "babel (==2.9.1)", "chardet (==4.0.0)", "commonmark (==0.8.1)", "docutils (==0.17.1)", "future (==0.18.2)", "idna (==2.10)", "imagesize (==1.2.0)", "mock (==1.0.1)", "packaging (==20.9)", "pyparsing (==2.4.7)", "pytz (==2021.1)", "readthedocs-sphinx-ext (==2.1.4)", "recommonmark (==0.5.0)", "requests (==2.25.1)", "six (==1.15.0)", "snowballstemmer (==2.1.0)", "sphinx (==1.8.5)", "sphinx-rtd-theme (==0.4.3)", "sphinxcontrib-serializinghtml (==1.1.4)", "sphinxcontrib-websupport (==1.2.4)", "urllib3 (==1.26.4)"]
qa = ["flake8 (==5.0.4)", "mypy (==0.971)", "types-setuptools (==67.2.0.1)"]
testing = ["Django", "attrs", "colorama", "docopt", "pytest (<7.0.0)"]

[[package]]
name = "matplotlib-inline"
version = "0.1.6"
description = "Inline Matplotlib backend for Jupyter"
category = "main"
optional = false
python-versions = ">=3.5"
files = [
    {file = "matplotlib-inline-0.1.6.tar.gz", hash = "sha256:f887e5f10ba98e8d2b150ddcf4702c1e5f8b3a20005eb0f74bfdbd360ee6f304"},
    {file = "matplotlib_inline-0.1.6-py3-none-any.whl", hash = "sha256:f1f41aab5328aa5aaea9b16d083b128102f8712542f819fe7e6a420ff581b311"},
]

[package.dependencies]
traitlets = "*"

[[package]]
name = "numpy"
version = "1.26.1"
description = "Fundamental package for array computing in Python"
category = "main"
optional = false
python-versions = "<3.13,>=3.9"
files = [
    {file = "numpy-1.26.1-cp310-cp310-macosx_10_9_x86_64.whl", hash = "sha256:82e871307a6331b5f09efda3c22e03c095d957f04bf6bc1804f30048d0e5e7af"},
    {file = "numpy-1.26.1-cp310-cp310-macosx_11_0_arm64.whl", hash = "sha256:cdd9ec98f0063d93baeb01aad472a1a0840dee302842a2746a7a8e92968f9575"},
    {file = "numpy-1.26.1-cp310-cp310-manylinux_2_17_aarch64.manylinux2014_aarch64.whl", hash = "sha256:d78f269e0c4fd365fc2992c00353e4530d274ba68f15e968d8bc3c69ce5f5244"},
    {file = "numpy-1.26.1-cp310-cp310-manylinux_2_17_x86_64.manylinux2014_x86_64.whl", hash = "sha256:8ab9163ca8aeb7fd32fe93866490654d2f7dda4e61bc6297bf72ce07fdc02f67"},
    {file = "numpy-1.26.1-cp310-cp310-musllinux_1_1_x86_64.whl", hash = "sha256:78ca54b2f9daffa5f323f34cdf21e1d9779a54073f0018a3094ab907938331a2"},
    {file = "numpy-1.26.1-cp310-cp310-win32.whl", hash = "sha256:d1cfc92db6af1fd37a7bb58e55c8383b4aa1ba23d012bdbba26b4bcca45ac297"},
    {file = "numpy-1.26.1-cp310-cp310-win_amd64.whl", hash = "sha256:d2984cb6caaf05294b8466966627e80bf6c7afd273279077679cb010acb0e5ab"},
    {file = "numpy-1.26.1-cp311-cp311-macosx_10_9_x86_64.whl", hash = "sha256:cd7837b2b734ca72959a1caf3309457a318c934abef7a43a14bb984e574bbb9a"},
    {file = "numpy-1.26.1-cp311-cp311-macosx_11_0_arm64.whl", hash = "sha256:1c59c046c31a43310ad0199d6299e59f57a289e22f0f36951ced1c9eac3665b9"},
    {file = "numpy-1.26.1-cp311-cp311-manylinux_2_17_aarch64.manylinux2014_aarch64.whl", hash = "sha256:d58e8c51a7cf43090d124d5073bc29ab2755822181fcad978b12e144e5e5a4b3"},
    {file = "numpy-1.26.1-cp311-cp311-manylinux_2_17_x86_64.manylinux2014_x86_64.whl", hash = "sha256:6081aed64714a18c72b168a9276095ef9155dd7888b9e74b5987808f0dd0a974"},
    {file = "numpy-1.26.1-cp311-cp311-musllinux_1_1_x86_64.whl", hash = "sha256:97e5d6a9f0702c2863aaabf19f0d1b6c2628fbe476438ce0b5ce06e83085064c"},
    {file = "numpy-1.26.1-cp311-cp311-win32.whl", hash = "sha256:b9d45d1dbb9de84894cc50efece5b09939752a2d75aab3a8b0cef6f3a35ecd6b"},
    {file = "numpy-1.26.1-cp311-cp311-win_amd64.whl", hash = "sha256:3649d566e2fc067597125428db15d60eb42a4e0897fc48d28cb75dc2e0454e53"},
    {file = "numpy-1.26.1-cp312-cp312-macosx_10_9_x86_64.whl", hash = "sha256:1d1bd82d539607951cac963388534da3b7ea0e18b149a53cf883d8f699178c0f"},
    {file = "numpy-1.26.1-cp312-cp312-macosx_11_0_arm64.whl", hash = "sha256:afd5ced4e5a96dac6725daeb5242a35494243f2239244fad10a90ce58b071d24"},
    {file = "numpy-1.26.1-cp312-cp312-manylinux_2_17_aarch64.manylinux2014_aarch64.whl", hash = "sha256:a03fb25610ef560a6201ff06df4f8105292ba56e7cdd196ea350d123fc32e24e"},
    {file = "numpy-1.26.1-cp312-cp312-manylinux_2_17_x86_64.manylinux2014_x86_64.whl", hash = "sha256:dcfaf015b79d1f9f9c9fd0731a907407dc3e45769262d657d754c3a028586124"},
    {file = "numpy-1.26.1-cp312-cp312-musllinux_1_1_x86_64.whl", hash = "sha256:e509cbc488c735b43b5ffea175235cec24bbc57b227ef1acc691725beb230d1c"},
    {file = "numpy-1.26.1-cp312-cp312-win32.whl", hash = "sha256:af22f3d8e228d84d1c0c44c1fbdeb80f97a15a0abe4f080960393a00db733b66"},
    {file = "numpy-1.26.1-cp312-cp312-win_amd64.whl", hash = "sha256:9f42284ebf91bdf32fafac29d29d4c07e5e9d1af862ea73686581773ef9e73a7"},
    {file = "numpy-1.26.1-cp39-cp39-macosx_10_9_x86_64.whl", hash = "sha256:bb894accfd16b867d8643fc2ba6c8617c78ba2828051e9a69511644ce86ce83e"},
    {file = "numpy-1.26.1-cp39-cp39-macosx_11_0_arm64.whl", hash = "sha256:e44ccb93f30c75dfc0c3aa3ce38f33486a75ec9abadabd4e59f114994a9c4617"},
    {file = "numpy-1.26.1-cp39-cp39-manylinux_2_17_aarch64.manylinux2014_aarch64.whl", hash = "sha256:9696aa2e35cc41e398a6d42d147cf326f8f9d81befcb399bc1ed7ffea339b64e"},
    {file = "numpy-1.26.1-cp39-cp39-manylinux_2_17_x86_64.manylinux2014_x86_64.whl", hash = "sha256:a5b411040beead47a228bde3b2241100454a6abde9df139ed087bd73fc0a4908"},
    {file = "numpy-1.26.1-cp39-cp39-musllinux_1_1_x86_64.whl", hash = "sha256:1e11668d6f756ca5ef534b5be8653d16c5352cbb210a5c2a79ff288e937010d5"},
    {file = "numpy-1.26.1-cp39-cp39-win32.whl", hash = "sha256:d1d2c6b7dd618c41e202c59c1413ef9b2c8e8a15f5039e344af64195459e3104"},
    {file = "numpy-1.26.1-cp39-cp39-win_amd64.whl", hash = "sha256:59227c981d43425ca5e5c01094d59eb14e8772ce6975d4b2fc1e106a833d5ae2"},
    {file = "numpy-1.26.1-pp39-pypy39_pp73-macosx_10_9_x86_64.whl", hash = "sha256:06934e1a22c54636a059215d6da99e23286424f316fddd979f5071093b648668"},
    {file = "numpy-1.26.1-pp39-pypy39_pp73-manylinux_2_17_x86_64.manylinux2014_x86_64.whl", hash = "sha256:76ff661a867d9272cd2a99eed002470f46dbe0943a5ffd140f49be84f68ffc42"},
    {file = "numpy-1.26.1-pp39-pypy39_pp73-win_amd64.whl", hash = "sha256:6965888d65d2848e8768824ca8288db0a81263c1efccec881cb35a0d805fcd2f"},
    {file = "numpy-1.26.1.tar.gz", hash = "sha256:c8c6c72d4a9f831f328efb1312642a1cafafaa88981d9ab76368d50d07d93cbe"},
]

[[package]]
name = "parso"
version = "0.8.3"
description = "A Python Parser"
category = "main"
optional = false
python-versions = ">=3.6"
files = [
    {file = "parso-0.8.3-py2.py3-none-any.whl", hash = "sha256:c001d4636cd3aecdaf33cbb40aebb59b094be2a74c556778ef5576c175e19e75"},
    {file = "parso-0.8.3.tar.gz", hash = "sha256:8c07be290bb59f03588915921e29e8a50002acaf2cdc5fa0e0114f91709fafa0"},
]

[package.extras]
qa = ["flake8 (==3.8.3)", "mypy (==0.782)"]
testing = ["docopt", "pytest (<6.0.0)"]

[[package]]
name = "pexpect"
version = "4.8.0"
description = "Pexpect allows easy control of interactive console applications."
category = "main"
optional = false
python-versions = "*"
files = [
    {file = "pexpect-4.8.0-py2.py3-none-any.whl", hash = "sha256:0b48a55dcb3c05f3329815901ea4fc1537514d6ba867a152b581d69ae3710937"},
    {file = "pexpect-4.8.0.tar.gz", hash = "sha256:fc65a43959d153d0114afe13997d439c22823a27cefceb5ff35c2178c6784c0c"},
]

[package.dependencies]
ptyprocess = ">=0.5"

[[package]]
name = "pickleshare"
version = "0.7.5"
description = "Tiny 'shelve'-like database with concurrency support"
category = "main"
optional = false
python-versions = "*"
files = [
    {file = "pickleshare-0.7.5-py2.py3-none-any.whl", hash = "sha256:9649af414d74d4df115d5d718f82acb59c9d418196b7b4290ed47a12ce62df56"},
    {file = "pickleshare-0.7.5.tar.gz", hash = "sha256:87683d47965c1da65cdacaf31c8441d12b8044cdec9aca500cd78fc2c683afca"},
]

[[package]]
name = "prompt-toolkit"
version = "3.0.39"
description = "Library for building powerful interactive command lines in Python"
category = "main"
optional = false
python-versions = ">=3.7.0"
files = [
    {file = "prompt_toolkit-3.0.39-py3-none-any.whl", hash = "sha256:9dffbe1d8acf91e3de75f3b544e4842382fc06c6babe903ac9acb74dc6e08d88"},
    {file = "prompt_toolkit-3.0.39.tar.gz", hash = "sha256:04505ade687dc26dc4284b1ad19a83be2f2afe83e7a828ace0c72f3a1df72aac"},
]

[package.dependencies]
wcwidth = "*"

[[package]]
name = "ptyprocess"
version = "0.7.0"
description = "Run a subprocess in a pseudo terminal"
category = "main"
optional = false
python-versions = "*"
files = [
    {file = "ptyprocess-0.7.0-py2.py3-none-any.whl", hash = "sha256:4b41f3967fce3af57cc7e94b888626c18bf37a083e3651ca8feeb66d492fef35"},
    {file = "ptyprocess-0.7.0.tar.gz", hash = "sha256:5c5d0a3b48ceee0b48485e0c26037c0acd7d29765ca3fbb5cb3831d347423220"},
]

[[package]]
name = "pure-eval"
version = "0.2.2"
description = "Safely evaluate AST nodes without side effects"
category = "main"
optional = false
python-versions = "*"
files = [
    {file = "pure_eval-0.2.2-py3-none-any.whl", hash = "sha256:01eaab343580944bc56080ebe0a674b39ec44a945e6d09ba7db3cb8cec289350"},
    {file = "pure_eval-0.2.2.tar.gz", hash = "sha256:2b45320af6dfaa1750f543d714b6d1c520a1688dec6fd24d339063ce0aaa9ac3"},
]

[package.extras]
tests = ["pytest"]

[[package]]
name = "pygments"
version = "2.16.1"
description = "Pygments is a syntax highlighting package written in Python."
category = "main"
optional = false
python-versions = ">=3.7"
files = [
    {file = "Pygments-2.16.1-py3-none-any.whl", hash = "sha256:13fc09fa63bc8d8671a6d247e1eb303c4b343eaee81d861f3404db2935653692"},
    {file = "Pygments-2.16.1.tar.gz", hash = "sha256:1daff0494820c69bc8941e407aa20f577374ee88364ee10a98fdbe0aece96e29"},
]

[package.extras]
plugins = ["importlib-metadata"]

[[package]]
name = "pyinstrument"
version = "4.6.0"
description = "Call stack profiler for Python. Shows you why your code is slow!"
category = "main"
optional = false
python-versions = ">=3.7"
files = [
    {file = "pyinstrument-4.6.0-cp310-cp310-macosx_10_9_universal2.whl", hash = "sha256:679b5397e3e6c0d6f56df50ba8c683543df4f1f7c1df2e2eb728e275bde2c85b"},
    {file = "pyinstrument-4.6.0-cp310-cp310-macosx_10_9_x86_64.whl", hash = "sha256:18479ffa0c922695ba2befab29521b62bfe75debef48d818cea46262cee48a1e"},
    {file = "pyinstrument-4.6.0-cp310-cp310-manylinux_2_17_aarch64.manylinux2014_aarch64.whl", hash = "sha256:daba103955d0d0b37b8bc20a4e8cc6477e839ce5984478fcf3f7cee8318e9636"},
    {file = "pyinstrument-4.6.0-cp310-cp310-manylinux_2_5_i686.manylinux1_i686.manylinux_2_17_i686.manylinux2014_i686.whl", hash = "sha256:d93451e9c7650629b0bc12caa7390f81d1a15835c07f7dc170e953d4684ed1e7"},
    {file = "pyinstrument-4.6.0-cp310-cp310-manylinux_2_5_x86_64.manylinux1_x86_64.manylinux_2_17_x86_64.manylinux2014_x86_64.whl", hash = "sha256:01009a7b58a6f11bf5560c23848ea2881acac974b0841fe5d365ef154baabd6f"},
    {file = "pyinstrument-4.6.0-cp310-cp310-musllinux_1_1_aarch64.whl", hash = "sha256:288ea44da6333dacc77b4ba2149dba3dc1e9fbbebd3d5dc51a66c20839d80ef3"},
    {file = "pyinstrument-4.6.0-cp310-cp310-musllinux_1_1_i686.whl", hash = "sha256:ecc106213146dd90659a1483047b3a1c2e174fb190c0e109234e524a4651e377"},
    {file = "pyinstrument-4.6.0-cp310-cp310-musllinux_1_1_x86_64.whl", hash = "sha256:5cd8ab30c8dcd1511e9b3b98f601f17f2c5c9df1d28f8298d215c63d68919bdc"},
    {file = "pyinstrument-4.6.0-cp310-cp310-win32.whl", hash = "sha256:40e3656e6ace5a140880bd980a25f6a356c094c36e28ed1bf935d7349a78b1b6"},
    {file = "pyinstrument-4.6.0-cp310-cp310-win_amd64.whl", hash = "sha256:d9623fc3fde47ae90ad5014737e37034b4abc3fbfb455b7b56cc095f9037d5af"},
    {file = "pyinstrument-4.6.0-cp311-cp311-macosx_10_9_universal2.whl", hash = "sha256:beaaa3b647b3a4cbd34b71eacaa31e3eb90e1bf53e15ada3ac7e9df09d737239"},
    {file = "pyinstrument-4.6.0-cp311-cp311-macosx_10_9_x86_64.whl", hash = "sha256:0c69ab570609ac93b5f4ab2e5ccbf8add4f69a962b06307eea66ba65b5ad9d38"},
    {file = "pyinstrument-4.6.0-cp311-cp311-manylinux_2_17_aarch64.manylinux2014_aarch64.whl", hash = "sha256:5992748a74ec7ff445e4b56b5e316673c34b6cdbd3755111f7c023d8a141f001"},
    {file = "pyinstrument-4.6.0-cp311-cp311-manylinux_2_5_i686.manylinux1_i686.manylinux_2_17_i686.manylinux2014_i686.whl", hash = "sha256:bb1ba76c4e912cae159ab9729c7b31bb6d7fe8ed1f0fafce74484a4bb159c240"},
    {file = "pyinstrument-4.6.0-cp311-cp311-manylinux_2_5_x86_64.manylinux1_x86_64.manylinux_2_17_x86_64.manylinux2014_x86_64.whl", hash = "sha256:674868ebc3663b01d7d059a6f5cdeff6f18b49e217617720a5d645a6b55ead03"},
    {file = "pyinstrument-4.6.0-cp311-cp311-musllinux_1_1_aarch64.whl", hash = "sha256:514a0ced357ff400988f599b0294d05e3b68468f9ab876f204bf12765f7fdb1b"},
    {file = "pyinstrument-4.6.0-cp311-cp311-musllinux_1_1_i686.whl", hash = "sha256:8ccd1f5b4ad35c734dcf2d08d80b5b37205b4e84aa71fe76f95e43bd30c5eef9"},
    {file = "pyinstrument-4.6.0-cp311-cp311-musllinux_1_1_x86_64.whl", hash = "sha256:611c6cd33f42f19e46d99eeef3b84a47d33fe34cdb0ce6e3635d2ee5038706a3"},
    {file = "pyinstrument-4.6.0-cp311-cp311-win32.whl", hash = "sha256:d20b5cf79bca1b3d425a7362457621741393b1d5ce2d920583541b947bc8a368"},
    {file = "pyinstrument-4.6.0-cp311-cp311-win_amd64.whl", hash = "sha256:ecd8cf03b04dc1b7f151896228993c6aa0fa897cdd517ea127465bc1c826c5b5"},
    {file = "pyinstrument-4.6.0-cp312-cp312-macosx_10_9_universal2.whl", hash = "sha256:3d4bed520c0f689a75bca4951f6b7fbad96851e8461086c98e03eb726f8a412a"},
    {file = "pyinstrument-4.6.0-cp312-cp312-macosx_10_9_x86_64.whl", hash = "sha256:b74745f1d22133da8d4a38dd0c78c02c00154a5b7683bdd5df56a7c7705a979b"},
    {file = "pyinstrument-4.6.0-cp312-cp312-manylinux_2_17_aarch64.manylinux2014_aarch64.whl", hash = "sha256:b6ab698400e8401597e39c4816efa247f2b98c9b4e59e3ec25d534ae6887bd93"},
    {file = "pyinstrument-4.6.0-cp312-cp312-manylinux_2_5_i686.manylinux1_i686.manylinux_2_17_i686.manylinux2014_i686.whl", hash = "sha256:de1a36a083b324dafe5e2880e5e04267a1983beb027f12c3dc361ddbe3acf9af"},
    {file = "pyinstrument-4.6.0-cp312-cp312-manylinux_2_5_x86_64.manylinux1_x86_64.manylinux_2_17_x86_64.manylinux2014_x86_64.whl", hash = "sha256:8adc4f87d4289c1f04f19451b5133b8e307bd9b08c364c48e007ba663fefbf1b"},
    {file = "pyinstrument-4.6.0-cp312-cp312-musllinux_1_1_aarch64.whl", hash = "sha256:08fbc75d3615be6259b7af0c173c7bc48acb6e7bd758678d54eb411ba2903052"},
    {file = "pyinstrument-4.6.0-cp312-cp312-musllinux_1_1_i686.whl", hash = "sha256:d86fea6ce117bcff642e24208eb573c00d78b4c2934eb9bd5f915751980cc9bd"},
    {file = "pyinstrument-4.6.0-cp312-cp312-musllinux_1_1_x86_64.whl", hash = "sha256:23a3b21373e0c8bf0d00dda79989fcab0bb1d30094f7b210d40d2226fe20e141"},
    {file = "pyinstrument-4.6.0-cp312-cp312-win32.whl", hash = "sha256:a498c82d93621c5cf736e4660142ac0c3bbcb7b059bcbd4278a6364037128656"},
    {file = "pyinstrument-4.6.0-cp312-cp312-win_amd64.whl", hash = "sha256:9116154446b9999f6524e9db29310aee6476a5a471c276928f2b46b6655a2dcc"},
    {file = "pyinstrument-4.6.0-cp37-cp37m-macosx_10_9_x86_64.whl", hash = "sha256:704c6d38abef8fca2e1085756c9574ea180f7ac866aab6943b483152c2828c2a"},
    {file = "pyinstrument-4.6.0-cp37-cp37m-manylinux_2_17_aarch64.manylinux2014_aarch64.whl", hash = "sha256:cbebdc11d4fc6f3123c046d84db88c7f605d53247e3f357314d0c5775d1beaf4"},
    {file = "pyinstrument-4.6.0-cp37-cp37m-manylinux_2_5_i686.manylinux1_i686.manylinux_2_17_i686.manylinux2014_i686.whl", hash = "sha256:2c7a7bae4cce5f8d084153857cedbce29ca8274c9924884d0461a5db48619c5d"},
    {file = "pyinstrument-4.6.0-cp37-cp37m-manylinux_2_5_x86_64.manylinux1_x86_64.manylinux_2_17_x86_64.manylinux2014_x86_64.whl", hash = "sha256:03289b10715e261a5c33b267d0a430d1b408f929922fde0a9fd311835c60351b"},
    {file = "pyinstrument-4.6.0-cp37-cp37m-musllinux_1_1_aarch64.whl", hash = "sha256:7f83544ff9abfacdf64b39498ca3dcd454956e44aedb5f67626b7212291c9160"},
    {file = "pyinstrument-4.6.0-cp37-cp37m-musllinux_1_1_i686.whl", hash = "sha256:40640f02fe7865540e8a1e51bf7f9d2403e3364c3b7edfdb9dae5eb5596811da"},
    {file = "pyinstrument-4.6.0-cp37-cp37m-musllinux_1_1_x86_64.whl", hash = "sha256:f3719464888d7303e1081996bc56ab75ef5cdf7ef69ccbb7b29f48eb37d8f8b9"},
    {file = "pyinstrument-4.6.0-cp37-cp37m-win32.whl", hash = "sha256:46e16de6bd3b74ef01b6457d862fee751515315edb5e9283205e45299a29ac49"},
    {file = "pyinstrument-4.6.0-cp37-cp37m-win_amd64.whl", hash = "sha256:9ded87ae11cb0a95a767c817908833ec0821fe0e81650968b201a031edf4bc15"},
    {file = "pyinstrument-4.6.0-cp38-cp38-macosx_10_9_universal2.whl", hash = "sha256:8bf16e459a868d9dbaacff4f0a0acd6ad78ce36f2aceabf21e9fd0c3b6aca0d4"},
    {file = "pyinstrument-4.6.0-cp38-cp38-macosx_10_9_x86_64.whl", hash = "sha256:cb83e445795431c3d867b298c0583ee27717bbc50e5120a4c98575c979ab3ab8"},
    {file = "pyinstrument-4.6.0-cp38-cp38-manylinux_2_17_aarch64.manylinux2014_aarch64.whl", hash = "sha256:29072b1be183e173d7b0f12caf29f8717d273afbf34df950f5fa0d98127cd3fb"},
    {file = "pyinstrument-4.6.0-cp38-cp38-manylinux_2_5_i686.manylinux1_i686.manylinux_2_17_i686.manylinux2014_i686.whl", hash = "sha256:09502af2a383c59e5a0d3bebfab7e5845f79122348358e9e52b2b0187db84a44"},
    {file = "pyinstrument-4.6.0-cp38-cp38-manylinux_2_5_x86_64.manylinux1_x86_64.manylinux_2_17_x86_64.manylinux2014_x86_64.whl", hash = "sha256:a23c982eb9c4d2f8fe553dacb9bdc0991170a0998b94c84f75c2a052e8af4c74"},
    {file = "pyinstrument-4.6.0-cp38-cp38-musllinux_1_1_aarch64.whl", hash = "sha256:f7a38ef482f2151393e729c5582191e4ab05f0ed1fa56b16c2377ff3129107af"},
    {file = "pyinstrument-4.6.0-cp38-cp38-musllinux_1_1_i686.whl", hash = "sha256:e983e16c2fdfb752387133380859c3414e119e41c14f39f5f869f29dcf6e995c"},
    {file = "pyinstrument-4.6.0-cp38-cp38-musllinux_1_1_x86_64.whl", hash = "sha256:d00c87e5cea48a562d67f0436999463b7989cff2e4c196b0e8ba06d515f191a9"},
    {file = "pyinstrument-4.6.0-cp38-cp38-win32.whl", hash = "sha256:a24c95cabf2ca5d79b62dbc8ff17749768b8aafd777841352f59f4ffd6688782"},
    {file = "pyinstrument-4.6.0-cp38-cp38-win_amd64.whl", hash = "sha256:f3d88b66dbbcdc6e4c57bd8574ad9d096cd23285eee0f4a5cf74f0e0df6aa190"},
    {file = "pyinstrument-4.6.0-cp39-cp39-macosx_10_9_universal2.whl", hash = "sha256:2bcfec45cdbb9edf6d5853debac4a792de589e621be07a71dc76acb36e144a3a"},
    {file = "pyinstrument-4.6.0-cp39-cp39-macosx_10_9_x86_64.whl", hash = "sha256:e790515a22844bbccaa388c7715b037c45a8d0155c4a6f2990659998a8920501"},
    {file = "pyinstrument-4.6.0-cp39-cp39-manylinux_2_17_aarch64.manylinux2014_aarch64.whl", hash = "sha256:93a30e0d93633a28d4adcf7d7e2d158d6331809b95c2c4a155da17ea1e43eaa3"},
    {file = "pyinstrument-4.6.0-cp39-cp39-manylinux_2_5_i686.manylinux1_i686.manylinux_2_17_i686.manylinux2014_i686.whl", hash = "sha256:aa554eb8ef1c54849dbf480965b073f39b39b517e466ce241808a00398f9742a"},
    {file = "pyinstrument-4.6.0-cp39-cp39-manylinux_2_5_x86_64.manylinux1_x86_64.manylinux_2_17_x86_64.manylinux2014_x86_64.whl", hash = "sha256:9e289898c644cbbb61d931bbcb6505e2a279ad1122612c9098bfb0958ebf5764"},
    {file = "pyinstrument-4.6.0-cp39-cp39-musllinux_1_1_aarch64.whl", hash = "sha256:20ce0f1612a019888a6b94fa7f1e7862842f0b5219282e3354d5b35aceb363f6"},
    {file = "pyinstrument-4.6.0-cp39-cp39-musllinux_1_1_i686.whl", hash = "sha256:4935f3cdb9062fceac65c50de76f07e05cf630bd3a9c663fedc9e88b5efe7d7c"},
    {file = "pyinstrument-4.6.0-cp39-cp39-musllinux_1_1_x86_64.whl", hash = "sha256:dc9c4577ef4b06ae1592c920d0a4f0f0db587a16f530c629ad93e125bc79ebb7"},
    {file = "pyinstrument-4.6.0-cp39-cp39-win32.whl", hash = "sha256:3ec6b04d8cfb34aec48de7fa77aeb919e8e7e19909740ab7a5553339f6f4c53a"},
    {file = "pyinstrument-4.6.0-cp39-cp39-win_amd64.whl", hash = "sha256:8a6d2e5c15f989629fac41536ec2ca1fe81359fadf4dadf2ff24fe96b389f6df"},
    {file = "pyinstrument-4.6.0.tar.gz", hash = "sha256:3e509e879c853dbc5fdc1757f0cfdbf8bee899c80f53d504a7df28898f0fa8ed"},
]

[package.extras]
bin = ["click", "nox"]
docs = ["furo (==2021.6.18b36)", "myst-parser (==0.15.1)", "sphinx (==4.2.0)", "sphinxcontrib-programoutput (==0.17)"]
examples = ["django", "numpy"]
test = ["flaky", "greenlet (>=3.0.0a1)", "ipython", "pytest", "pytest-asyncio (==0.12.0)", "sphinx-autobuild (==2021.3.14)", "trio"]
types = ["typing-extensions"]

[[package]]
name = "python-dateutil"
version = "2.8.2"
description = "Extensions to the standard Python datetime module"
category = "main"
optional = false
python-versions = "!=3.0.*,!=3.1.*,!=3.2.*,>=2.7"
files = [
    {file = "python-dateutil-2.8.2.tar.gz", hash = "sha256:0123cacc1627ae19ddf3c27a5de5bd67ee4586fbdd6440d9748f8abb483d3e86"},
    {file = "python_dateutil-2.8.2-py2.py3-none-any.whl", hash = "sha256:961d03dc3453ebbc59dbdea9e4e11c5651520a876d0f4db161e8674aae935da9"},
]

[package.dependencies]
six = ">=1.5"

[[package]]
name = "pytz"
version = "2023.3.post1"
description = "World timezone definitions, modern and historical"
category = "main"
optional = false
python-versions = "*"
files = [
    {file = "pytz-2023.3.post1-py2.py3-none-any.whl", hash = "sha256:ce42d816b81b68506614c11e8937d3aa9e41007ceb50bfdcb0749b921bf646c7"},
    {file = "pytz-2023.3.post1.tar.gz", hash = "sha256:7b4fddbeb94a1eba4b557da24f19fdf9db575192544270a9101d8509f9f43d7b"},
]

[[package]]
name = "six"
version = "1.16.0"
description = "Python 2 and 3 compatibility utilities"
category = "main"
optional = false
python-versions = ">=2.7, !=3.0.*, !=3.1.*, !=3.2.*"
files = [
    {file = "six-1.16.0-py2.py3-none-any.whl", hash = "sha256:8abb2f1d86890a2dfb989f9a77cfcfd3e47c2a354b01111771326f8aa26e0254"},
    {file = "six-1.16.0.tar.gz", hash = "sha256:1e61c37477a1626458e36f7b1d82aa5c9b094fa4802892072e49de9c60c4c926"},
]

[[package]]
name = "stack-data"
version = "0.6.3"
description = "Extract data from python stack frames and tracebacks for informative displays"
category = "main"
optional = false
python-versions = "*"
files = [
    {file = "stack_data-0.6.3-py3-none-any.whl", hash = "sha256:d5558e0c25a4cb0853cddad3d77da9891a08cb85dd9f9f91b9f8cd66e511e695"},
    {file = "stack_data-0.6.3.tar.gz", hash = "sha256:836a778de4fec4dcd1dcd89ed8abff8a221f58308462e1c4aa2a3cf30148f0b9"},
]

[package.dependencies]
asttokens = ">=2.1.0"
executing = ">=1.2.0"
pure-eval = "*"

[package.extras]
tests = ["cython", "littleutils", "pygments", "pytest", "typeguard"]

[[package]]
name = "traitlets"
version = "5.12.0"
description = "Traitlets Python configuration system"
category = "main"
optional = false
python-versions = ">=3.8"
files = [
    {file = "traitlets-5.12.0-py3-none-any.whl", hash = "sha256:81539f07f7aebcde2e4b5ab76727f53eabf18ad155c6ed7979a681411602fa47"},
    {file = "traitlets-5.12.0.tar.gz", hash = "sha256:833273bf645d8ce31dcb613c56999e2e055b1ffe6d09168a164bcd91c36d5d35"},
]

[package.extras]
docs = ["myst-parser", "pydata-sphinx-theme", "sphinx"]
test = ["argcomplete (>=3.0.3)", "mypy (>=1.6.0)", "pre-commit", "pytest (>=7.0,<7.5)", "pytest-mock", "pytest-mypy-testing"]

[[package]]
name = "wcwidth"
version = "0.2.8"
description = "Measures the displayed width of unicode strings in a terminal"
category = "main"
optional = false
python-versions = "*"
files = [
    {file = "wcwidth-0.2.8-py2.py3-none-any.whl", hash = "sha256:77f719e01648ed600dfa5402c347481c0992263b81a027344f3e1ba25493a704"},
    {file = "wcwidth-0.2.8.tar.gz", hash = "sha256:8705c569999ffbb4f6a87c6d1b80f324bd6db952f5eb0b95bc07517f4c1813d4"},
]

[metadata]
lock-version = "2.0"
python-versions = ">=3.10,<3.13"
content-hash = "bc21ca23789a4c82e6f4580e6c6b20bba8a875899c9a54d228b822b3a5214db9"
